
Microsoft Visual Studio Solution File, Format Version 11.00
# Visual Studio 2010
Project("{FAE04EC0-301F-11D3-BF4B-00C04F79EFBC}") = "MPWebStream", "MPWebStream\MPWebStream.csproj", "{3F34BC08-DF30-4549-9D2D-6B587769574B}"
EndProject
Project("{FAE04EC0-301F-11D3-BF4B-00C04F79EFBC}") = "TvServerPlugin", "TvServerPlugin\TvServerPlugin.csproj", "{BAF70EA1-9C72-46D0-9E83-6DD2FD88A79C}"
EndProject
Project("{FAE04EC0-301F-11D3-BF4B-00C04F79EFBC}") = "Cassini-v35", "Cassini-v35\Cassini-v35.csproj", "{0D9F0FEA-45F7-4CE4-9868-6FB9BBE3DD4C}"
EndProject
Project("{54435603-DBB4-11D2-8724-00A0C9A8B90C}") = "Setup", "Setup\Setup.vdproj", "{8AD6DA70-0C31-47EA-A562-901F43B3A7EF}"
EndProject
Project("{FAE04EC0-301F-11D3-BF4B-00C04F79EFBC}") = "MediaTranscoding", "MediaTranscoding\MediaTranscoding.csproj", "{5DBFCC45-2EFE-4E17-8FE6-C3759E361E60}"
EndProject
Global
	GlobalSection(SolutionConfigurationPlatforms) = preSolution
		Debug|Any CPU = Debug|Any CPU
		Debug|Mixed Platforms = Debug|Mixed Platforms
		Debug|x86 = Debug|x86
		Release|Any CPU = Release|Any CPU
		Release|Mixed Platforms = Release|Mixed Platforms
		Release|x86 = Release|x86
	EndGlobalSection
	GlobalSection(ProjectConfigurationPlatforms) = postSolution
		{3F34BC08-DF30-4549-9D2D-6B587769574B}.Debug|Any CPU.ActiveCfg = Debug|Any CPU
		{3F34BC08-DF30-4549-9D2D-6B587769574B}.Debug|Any CPU.Build.0 = Debug|Any CPU
		{3F34BC08-DF30-4549-9D2D-6B587769574B}.Debug|Mixed Platforms.ActiveCfg = Debug|Any CPU
		{3F34BC08-DF30-4549-9D2D-6B587769574B}.Debug|Mixed Platforms.Build.0 = Debug|Any CPU
		{3F34BC08-DF30-4549-9D2D-6B587769574B}.Debug|x86.ActiveCfg = Debug|Any CPU
		{3F34BC08-DF30-4549-9D2D-6B587769574B}.Release|Any CPU.ActiveCfg = Release|Any CPU
		{3F34BC08-DF30-4549-9D2D-6B587769574B}.Release|Any CPU.Build.0 = Release|Any CPU
		{3F34BC08-DF30-4549-9D2D-6B587769574B}.Release|Mixed Platforms.ActiveCfg = Release|Any CPU
		{3F34BC08-DF30-4549-9D2D-6B587769574B}.Release|Mixed Platforms.Build.0 = Release|Any CPU
		{3F34BC08-DF30-4549-9D2D-6B587769574B}.Release|x86.ActiveCfg = Release|Any CPU
		{BAF70EA1-9C72-46D0-9E83-6DD2FD88A79C}.Debug|Any CPU.ActiveCfg = Debug|Any CPU
		{BAF70EA1-9C72-46D0-9E83-6DD2FD88A79C}.Debug|Any CPU.Build.0 = Debug|Any CPU
		{BAF70EA1-9C72-46D0-9E83-6DD2FD88A79C}.Debug|Mixed Platforms.ActiveCfg = Debug|Any CPU
		{BAF70EA1-9C72-46D0-9E83-6DD2FD88A79C}.Debug|Mixed Platforms.Build.0 = Debug|Any CPU
		{BAF70EA1-9C72-46D0-9E83-6DD2FD88A79C}.Debug|x86.ActiveCfg = Debug|Any CPU
		{BAF70EA1-9C72-46D0-9E83-6DD2FD88A79C}.Release|Any CPU.ActiveCfg = Release|Any CPU
		{BAF70EA1-9C72-46D0-9E83-6DD2FD88A79C}.Release|Any CPU.Build.0 = Release|Any CPU
		{BAF70EA1-9C72-46D0-9E83-6DD2FD88A79C}.Release|Mixed Platforms.ActiveCfg = Release|Any CPU
		{BAF70EA1-9C72-46D0-9E83-6DD2FD88A79C}.Release|Mixed Platforms.Build.0 = Release|Any CPU
		{BAF70EA1-9C72-46D0-9E83-6DD2FD88A79C}.Release|x86.ActiveCfg = Release|Any CPU
		{0D9F0FEA-45F7-4CE4-9868-6FB9BBE3DD4C}.Debug|Any CPU.ActiveCfg = Debug|Any CPU
		{0D9F0FEA-45F7-4CE4-9868-6FB9BBE3DD4C}.Debug|Any CPU.Build.0 = Debug|Any CPU
		{0D9F0FEA-45F7-4CE4-9868-6FB9BBE3DD4C}.Debug|Mixed Platforms.ActiveCfg = Debug|Any CPU
		{0D9F0FEA-45F7-4CE4-9868-6FB9BBE3DD4C}.Debug|Mixed Platforms.Build.0 = Debug|Any CPU
		{0D9F0FEA-45F7-4CE4-9868-6FB9BBE3DD4C}.Debug|x86.ActiveCfg = Debug|Any CPU
		{0D9F0FEA-45F7-4CE4-9868-6FB9BBE3DD4C}.Release|Any CPU.ActiveCfg = Release|Any CPU
		{0D9F0FEA-45F7-4CE4-9868-6FB9BBE3DD4C}.Release|Any CPU.Build.0 = Release|Any CPU
		{0D9F0FEA-45F7-4CE4-9868-6FB9BBE3DD4C}.Release|Mixed Platforms.ActiveCfg = Release|Any CPU
		{0D9F0FEA-45F7-4CE4-9868-6FB9BBE3DD4C}.Release|Mixed Platforms.Build.0 = Release|Any CPU
		{0D9F0FEA-45F7-4CE4-9868-6FB9BBE3DD4C}.Release|x86.ActiveCfg = Release|Any CPU
		{8AD6DA70-0C31-47EA-A562-901F43B3A7EF}.Debug|Any CPU.ActiveCfg = Debug
		{8AD6DA70-0C31-47EA-A562-901F43B3A7EF}.Debug|Mixed Platforms.ActiveCfg = Debug
		{8AD6DA70-0C31-47EA-A562-901F43B3A7EF}.Debug|x86.ActiveCfg = Debug
		{8AD6DA70-0C31-47EA-A562-901F43B3A7EF}.Release|Any CPU.ActiveCfg = Release
		{8AD6DA70-0C31-47EA-A562-901F43B3A7EF}.Release|Mixed Platforms.ActiveCfg = Release
		{8AD6DA70-0C31-47EA-A562-901F43B3A7EF}.Release|x86.ActiveCfg = Release
		{5DBFCC45-2EFE-4E17-8FE6-C3759E361E60}.Debug|Any CPU.ActiveCfg = Debug|Any CPU
		{5DBFCC45-2EFE-4E17-8FE6-C3759E361E60}.Debug|Any CPU.Build.0 = Debug|Any CPU
		{5DBFCC45-2EFE-4E17-8FE6-C3759E361E60}.Debug|Mixed Platforms.ActiveCfg = Debug|Any CPU
		{5DBFCC45-2EFE-4E17-8FE6-C3759E361E60}.Debug|Mixed Platforms.Build.0 = Debug|Any CPU
		{5DBFCC45-2EFE-4E17-8FE6-C3759E361E60}.Debug|x86.ActiveCfg = Debug|Any CPU
		{5DBFCC45-2EFE-4E17-8FE6-C3759E361E60}.Release|Any CPU.ActiveCfg = Release|Any CPU
		{5DBFCC45-2EFE-4E17-8FE6-C3759E361E60}.Release|Any CPU.Build.0 = Release|Any CPU
		{5DBFCC45-2EFE-4E17-8FE6-C3759E361E60}.Release|Mixed Platforms.ActiveCfg = Release|Any CPU
		{5DBFCC45-2EFE-4E17-8FE6-C3759E361E60}.Release|Mixed Platforms.Build.0 = Release|Any CPU
		{5DBFCC45-2EFE-4E17-8FE6-C3759E361E60}.Release|x86.ActiveCfg = Release|Any CPU
	EndGlobalSection
	GlobalSection(SolutionProperties) = preSolution
		HideSolutionNode = FALSE
	EndGlobalSection
EndGlobal
